// !$*UTF8*$!
{
	archiveVersion = 1;
	classes = {
	};
	objectVersion = 56;
	objects = {

/* Begin PBXBuildFile section */
		2F377DDC2A02911E00FA26B8 /* WinView.swift in Sources */ = {isa = PBXBuildFile; fileRef = 2F377DDB2A02911E00FA26B8 /* WinView.swift */; };
		2FF0794F29F961320026AE24 /* UserDefaultsTestingApp.swift in Sources */ = {isa = PBXBuildFile; fileRef = 2FF0794E29F961320026AE24 /* UserDefaultsTestingApp.swift */; };
		2FF0795129F961320026AE24 /* ContentView.swift in Sources */ = {isa = PBXBuildFile; fileRef = 2FF0795029F961320026AE24 /* ContentView.swift */; };
		2FF0795329F961330026AE24 /* Assets.xcassets in Resources */ = {isa = PBXBuildFile; fileRef = 2FF0795229F961330026AE24 /* Assets.xcassets */; };
		2FF0795629F961330026AE24 /* Preview Assets.xcassets in Resources */ = {isa = PBXBuildFile; fileRef = 2FF0795529F961330026AE24 /* Preview Assets.xcassets */; };
		2FF0795D29F961700026AE24 /* BetModel.swift in Sources */ = {isa = PBXBuildFile; fileRef = 2FF0795C29F961700026AE24 /* BetModel.swift */; };
		2FF0795F29F961F20026AE24 /* BetViewModel.swift in Sources */ = {isa = PBXBuildFile; fileRef = 2FF0795E29F961F20026AE24 /* BetViewModel.swift */; };
		2FF0796129F964FA0026AE24 /* AddBetView.swift in Sources */ = {isa = PBXBuildFile; fileRef = 2FF0796029F964FA0026AE24 /* AddBetView.swift */; };
		2FF0796329F96C2B0026AE24 /* ChartView.swift in Sources */ = {isa = PBXBuildFile; fileRef = 2FF0796229F96C2B0026AE24 /* ChartView.swift */; };
/* End PBXBuildFile section */

/* Begin PBXFileReference section */
		2F377DDB2A02911E00FA26B8 /* WinView.swift */ = {isa = PBXFileReference; lastKnownFileType = sourcecode.swift; path = WinView.swift; sourceTree = "<group>"; };
		2FF0794B29F961320026AE24 /* UserDefaultsTesting.app */ = {isa = PBXFileReference; explicitFileType = wrapper.application; includeInIndex = 0; path = UserDefaultsTesting.app; sourceTree = BUILT_PRODUCTS_DIR; };
		2FF0794E29F961320026AE24 /* UserDefaultsTestingApp.swift */ = {isa = PBXFileReference; lastKnownFileType = sourcecode.swift; path = UserDefaultsTestingApp.swift; sourceTree = "<group>"; };
		2FF0795029F961320026AE24 /* ContentView.swift */ = {isa = PBXFileReference; lastKnownFileType = sourcecode.swift; path = ContentView.swift; sourceTree = "<group>"; };
		2FF0795229F961330026AE24 /* Assets.xcassets */ = {isa = PBXFileReference; lastKnownFileType = folder.assetcatalog; path = Assets.xcassets; sourceTree = "<group>"; };
		2FF0795529F961330026AE24 /* Preview Assets.xcassets */ = {isa = PBXFileReference; lastKnownFileType = folder.assetcatalog; path = "Preview Assets.xcassets"; sourceTree = "<group>"; };
		2FF0795C29F961700026AE24 /* BetModel.swift */ = {isa = PBXFileReference; lastKnownFileType = sourcecode.swift; path = BetModel.swift; sourceTree = "<group>"; };
		2FF0795E29F961F20026AE24 /* BetViewModel.swift */ = {isa = PBXFileReference; lastKnownFileType = sourcecode.swift; path = BetViewModel.swift; sourceTree = "<group>"; };
		2FF0796029F964FA0026AE24 /* AddBetView.swift */ = {isa = PBXFileReference; lastKnownFileType = sourcecode.swift; path = AddBetView.swift; sourceTree = "<group>"; };
		2FF0796229F96C2B0026AE24 /* ChartView.swift */ = {isa = PBXFileReference; lastKnownFileType = sourcecode.swift; path = ChartView.swift; sourceTree = "<group>"; };
/* End PBXFileReference section */

/* Begin PBXFrameworksBuildPhase section */
		2FF0794829F961320026AE24 /* Frameworks */ = {
			isa = PBXFrameworksBuildPhase;
			buildActionMask = 2147483647;
			files = (
			);
			runOnlyForDeploymentPostprocessing = 0;
		};
/* End PBXFrameworksBuildPhase section */

/* Begin PBXGroup section */
		2FF0794229F961320026AE24 = {
			isa = PBXGroup;
			children = (
				2FF0794D29F961320026AE24 /* UserDefaultsTesting */,
				2FF0794C29F961320026AE24 /* Products */,
			);
			sourceTree = "<group>";
		};
		2FF0794C29F961320026AE24 /* Products */ = {
			isa = PBXGroup;
			children = (
				2FF0794B29F961320026AE24 /* UserDefaultsTesting.app */,
			);
			name = Products;
			sourceTree = "<group>";
		};
		2FF0794D29F961320026AE24 /* UserDefaultsTesting */ = {
			isa = PBXGroup;
			children = (
				2F377DDB2A02911E00FA26B8 /* WinView.swift */,
				2FF0796229F96C2B0026AE24 /* ChartView.swift */,
				2FF0796029F964FA0026AE24 /* AddBetView.swift */,
				2FF0794E29F961320026AE24 /* UserDefaultsTestingApp.swift */,
				2FF0795029F961320026AE24 /* ContentView.swift */,
				2FF0795229F961330026AE24 /* Assets.xcassets */,
				2FF0795429F961330026AE24 /* Preview Content */,
				2FF0795C29F961700026AE24 /* BetModel.swift */,
				2FF0795E29F961F20026AE24 /* BetViewModel.swift */,
			);
			path = UserDefaultsTesting;
			sourceTree = "<group>";
		};
		2FF0795429F961330026AE24 /* Preview Content */ = {
			isa = PBXGroup;
			children = (
				2FF0795529F961330026AE24 /* Preview Assets.xcassets */,
			);
			path = "Preview Content";
			sourceTree = "<group>";
		};
/* End PBXGroup section */

/* Begin PBXNativeTarget section */
		2FF0794A29F961320026AE24 /* UserDefaultsTesting */ = {
			isa = PBXNativeTarget;
			buildConfigurationList = 2FF0795929F961330026AE24 /* Build configuration list for PBXNativeTarget "UserDefaultsTesting" */;
			buildPhases = (
				2FF0794729F961320026AE24 /* Sources */,
				2FF0794829F961320026AE24 /* Frameworks */,
				2FF0794929F961320026AE24 /* Resources */,
			);
			buildRules = (
			);
			dependencies = (
			);
			name = UserDefaultsTesting;
			productName = UserDefaultsTesting;
			productReference = 2FF0794B29F961320026AE24 /* UserDefaultsTesting.app */;
			productType = "com.apple.product-type.application";
		};
/* End PBXNativeTarget section */

/* Begin PBXProject section */
		2FF0794329F961320026AE24 /* Project object */ = {
			isa = PBXProject;
			attributes = {
				BuildIndependentTargetsInParallel = 1;
				LastSwiftUpdateCheck = 1430;
				LastUpgradeCheck = 1430;
				TargetAttributes = {
					2FF0794A29F961320026AE24 = {
						CreatedOnToolsVersion = 14.3;
					};
				};
			};
			buildConfigurationList = 2FF0794629F961320026AE24 /* Build configuration list for PBXProject "UserDefaultsTesting" */;
			compatibilityVersion = "Xcode 14.0";
			developmentRegion = en;
			hasScannedForEncodings = 0;
			knownRegions = (
				en,
				Base,
			);
			mainGroup = 2FF0794229F961320026AE24;
			productRefGroup = 2FF0794C29F961320026AE24 /* Products */;
			projectDirPath = "";
			projectRoot = "";
			targets = (
				2FF0794A29F961320026AE24 /* UserDefaultsTesting */,
			);
		};
/* End PBXProject section */

/* Begin PBXResourcesBuildPhase section */
		2FF0794929F961320026AE24 /* Resources */ = {
			isa = PBXResourcesBuildPhase;
			buildActionMask = 2147483647;
			files = (
				2FF0795629F961330026AE24 /* Preview Assets.xcassets in Resources */,
				2FF0795329F961330026AE24 /* Assets.xcassets in Resources */,
			);
			runOnlyForDeploymentPostprocessing = 0;
		};
/* End PBXResourcesBuildPhase section */

/* Begin PBXSourcesBuildPhase section */
		2FF0794729F961320026AE24 /* Sources */ = {
			isa = PBXSourcesBuildPhase;
			buildActionMask = 2147483647;
			files = (
				2FF0795F29F961F20026AE24 /* BetViewModel.swift in Sources */,
				2F377DDC2A02911E00FA26B8 /* WinView.swift in Sources */,
				2FF0795D29F961700026AE24 /* BetModel.swift in Sources */,
				2FF0796129F964FA0026AE24 /* AddBetView.swift in Sources */,
				2FF0795129F961320026AE24 /* ContentView.swift in Sources */,
				2FF0794F29F961320026AE24 /* UserDefaultsTestingApp.swift in Sources */,
				2FF0796329F96C2B0026AE24 /* ChartView.swift in Sources */,
			);
			runOnlyForDeploymentPostprocessing = 0;
		};
/* End PBXSourcesBuildPhase section */

/* Begin XCBuildConfiguration section */
		2FF0795729F961330026AE24 /* Debug */ = {
			isa = XCBuildConfiguration;
			buildSettings = {
				ALWAYS_SEARCH_USER_PATHS = NO;
				CLANG_ANALYZER_NONNULL = YES;
				CLANG_ANALYZER_NUMBER_OBJECT_CONVERSION = YES_AGGRESSIVE;
				CLANG_CXX_LANGUAGE_STANDARD = "gnu++20";
				CLANG_ENABLE_MODULES = YES;
				CLANG_ENABLE_OBJC_ARC = YES;
				CLANG_ENABLE_OBJC_WEAK = YES;
				CLANG_WARN_BLOCK_CAPTURE_AUTORELEASING = YES;
				CLANG_WARN_BOOL_CONVERSION = YES;
				CLANG_WARN_COMMA = YES;
				CLANG_WARN_CONSTANT_CONVERSION = YES;
				CLANG_WARN_DEPRECATED_OBJC_IMPLEMENTATIONS = YES;
				CLANG_WARN_DIRECT_OBJC_ISA_USAGE = YES_ERROR;
				CLANG_WARN_DOCUMENTATION_COMMENTS = YES;
				CLANG_WARN_EMPTY_BODY = YES;
				CLANG_WARN_ENUM_CONVERSION = YES;
				CLANG_WARN_INFINITE_RECURSION = YES;
				CLANG_WARN_INT_CONVERSION = YES;
				CLANG_WARN_NON_LITERAL_NULL_CONVERSION = YES;
				CLANG_WARN_OBJC_IMPLICIT_RETAIN_SELF = YES;
				CLANG_WARN_OBJC_LITERAL_CONVERSION = YES;
				CLANG_WARN_OBJC_ROOT_CLASS = YES_ERROR;
				CLANG_WARN_QUOTED_INCLUDE_IN_FRAMEWORK_HEADER = YES;
				CLANG_WARN_RANGE_LOOP_ANALYSIS = YES;
				CLANG_WARN_STRICT_PROTOTYPES = YES;
				CLANG_WARN_SUSPICIOUS_MOVE = YES;
				CLANG_WARN_UNGUARDED_AVAILABILITY = YES_AGGRESSIVE;
				CLANG_WARN_UNREACHABLE_CODE = YES;
				CLANG_WARN__DUPLICATE_METHOD_MATCH = YES;
				COPY_PHASE_STRIP = NO;
				DEBUG_INFORMATION_FORMAT = dwarf;
				ENABLE_STRICT_OBJC_MSGSEND = YES;
				ENABLE_TESTABILITY = YES;
				GCC_C_LANGUAGE_STANDARD = gnu11;
				GCC_DYNAMIC_NO_PIC = NO;
				GCC_NO_COMMON_BLOCKS = YES;
				GCC_OPTIMIZATION_LEVEL = 0;
				GCC_PREPROCESSOR_DEFINITIONS = (
					"DEBUG=1",
					"$(inherited)",
				);
				GCC_WARN_64_TO_32_BIT_CONVERSION = YES;
				GCC_WARN_ABOUT_RETURN_TYPE = YES_ERROR;
				GCC_WARN_UNDECLARED_SELECTOR = YES;
				GCC_WARN_UNINITIALIZED_AUTOS = YES_AGGRESSIVE;
				GCC_WARN_UNUSED_FUNCTION = YES;
				GCC_WARN_UNUSED_VARIABLE = YES;
				IPHONEOS_DEPLOYMENT_TARGET = 16.4;
				MTL_ENABLE_DEBUG_INFO = INCLUDE_SOURCE;
				MTL_FAST_MATH = YES;
				ONLY_ACTIVE_ARCH = YES;
				SDKROOT = iphoneos;
				SWIFT_ACTIVE_COMPILATION_CONDITIONS = DEBUG;
				SWIFT_OPTIMIZATION_LEVEL = "-Onone";
			};
			name = Debug;
		};
		2FF0795829F961330026AE24 /* Release */ = {
			isa = XCBuildConfiguration;
			buildSettings = {
				ALWAYS_SEARCH_USER_PATHS = NO;
				CLANG_ANALYZER_NONNULL = YES;
				CLANG_ANALYZER_NUMBER_OBJECT_CONVERSION = YES_AGGRESSIVE;
				CLANG_CXX_LANGUAGE_STANDARD = "gnu++20";
				CLANG_ENABLE_MODULES = YES;
				CLANG_ENABLE_OBJC_ARC = YES;
				CLANG_ENABLE_OBJC_WEAK = YES;
				CLANG_WARN_BLOCK_CAPTURE_AUTORELEASING = YES;
				CLANG_WARN_BOOL_CONVERSION = YES;
				CLANG_WARN_COMMA = YES;
				CLANG_WARN_CONSTANT_CONVERSION = YES;
				CLANG_WARN_DEPRECATED_OBJC_IMPLEMENTATIONS = YES;
				CLANG_WARN_DIRECT_OBJC_ISA_USAGE = YES_ERROR;
				CLANG_WARN_DOCUMENTATION_COMMENTS = YES;
				CLANG_WARN_EMPTY_BODY = YES;
				CLANG_WARN_ENUM_CONVERSION = YES;
				CLANG_WARN_INFINITE_RECURSION = YES;
				CLANG_WARN_INT_CONVERSION = YES;
				CLANG_WARN_NON_LITERAL_NULL_CONVERSION = YES;
				CLANG_WARN_OBJC_IMPLICIT_RETAIN_SELF = YES;
				CLANG_WARN_OBJC_LITERAL_CONVERSION = YES;
				CLANG_WARN_OBJC_ROOT_CLASS = YES_ERROR;
				CLANG_WARN_QUOTED_INCLUDE_IN_FRAMEWORK_HEADER = YES;
				CLANG_WARN_RANGE_LOOP_ANALYSIS = YES;
				CLANG_WARN_STRICT_PROTOTYPES = YES;
				CLANG_WARN_SUSPICIOUS_MOVE = YES;
				CLANG_WARN_UNGUARDED_AVAILABILITY = YES_AGGRESSIVE;
				CLANG_WARN_UNREACHABLE_CODE = YES;
				CLANG_WARN__DUPLICATE_METHOD_MATCH = YES;
				COPY_PHASE_STRIP = NO;
				DEBUG_INFORMATION_FORMAT = "dwarf-with-dsym";
				ENABLE_NS_ASSERTIONS = NO;
				ENABLE_STRICT_OBJC_MSGSEND = YES;
				GCC_C_LANGUAGE_STANDARD = gnu11;
				GCC_NO_COMMON_BLOCKS = YES;
				GCC_WARN_64_TO_32_BIT_CONVERSION = YES;
				GCC_WARN_ABOUT_RETURN_TYPE = YES_ERROR;
				GCC_WARN_UNDECLARED_SELECTOR = YES;
				GCC_WARN_UNINITIALIZED_AUTOS = YES_AGGRESSIVE;
				GCC_WARN_UNUSED_FUNCTION = YES;
				GCC_WARN_UNUSED_VARIABLE = YES;
				IPHONEOS_DEPLOYMENT_TARGET = 16.4;
				MTL_ENABLE_DEBUG_INFO = NO;
				MTL_FAST_MATH = YES;
				SDKROOT = iphoneos;
				SWIFT_COMPILATION_MODE = wholemodule;
				SWIFT_OPTIMIZATION_LEVEL = "-O";
				VALIDATE_PRODUCT = YES;
			};
			name = Release;
		};
		2FF0795A29F961330026AE24 /* Debug */ = {
			isa = XCBuildConfiguration;
			buildSettings = {
				ASSETCATALOG_COMPILER_APPICON_NAME = AppIcon;
				ASSETCATALOG_COMPILER_GLOBAL_ACCENT_COLOR_NAME = AccentColor;
				CODE_SIGN_STYLE = Automatic;
				CURRENT_PROJECT_VERSION = 1;
				DEVELOPMENT_ASSET_PATHS = "\"UserDefaultsTesting/Preview Content\"";
				DEVELOPMENT_TEAM = MJ4M4XMHNY;
				ENABLE_PREVIEWS = YES;
				GENERATE_INFOPLIST_FILE = YES;
				INFOPLIST_KEY_UIApplicationSceneManifest_Generation = YES;
				INFOPLIST_KEY_UIApplicationSupportsIndirectInputEvents = YES;
				INFOPLIST_KEY_UILaunchScreen_Generation = YES;
				INFOPLIST_KEY_UISupportedInterfaceOrientations_iPad = "UIInterfaceOrientationPortrait UIInterfaceOrientationPortraitUpsideDown UIInterfaceOrientationLandscapeLeft UIInterfaceOrientationLandscapeRight";
				INFOPLIST_KEY_UISupportedInterfaceOrientations_iPhone = "UIInterfaceOrientationPortrait UIInterfaceOrientationLandscapeLeft UIInterfaceOrientationLandscapeRight";
				LD_RUNPATH_SEARCH_PATHS = (
					"$(inherited)",
					"@executable_path/Frameworks",
				);
				MARKETING_VERSION = 1.0;
				PRODUCT_BUNDLE_IDENTIFIER = com.gmail.kortes39dev.UserDefaultsTesting;
				PRODUCT_NAME = "$(TARGET_NAME)";
				SWIFT_EMIT_LOC_STRINGS = YES;
				SWIFT_VERSION = 5.0;
				TARGETED_DEVICE_FAMILY = "1,2";
			};
			name = Debug;
		};
		2FF0795B29F961330026AE24 /* Release */ = {
			isa = XCBuildConfiguration;
			buildSettings = {
				ASSETCATALOG_COMPILER_APPICON_NAME = AppIcon;
				ASSETCATALOG_COMPILER_GLOBAL_ACCENT_COLOR_NAME = AccentColor;
				CODE_SIGN_STYLE = Automatic;
				CURRENT_PROJECT_VERSION = 1;
				DEVELOPMENT_ASSET_PATHS = "\"UserDefaultsTesting/Preview Content\"";
				DEVELOPMENT_TEAM = MJ4M4XMHNY;
				ENABLE_PREVIEWS = YES;
				GENERATE_INFOPLIST_FILE = YES;
				INFOPLIST_KEY_UIApplicationSceneManifest_Generation = YES;
				INFOPLIST_KEY_UIApplicationSupportsIndirectInputEvents = YES;
				INFOPLIST_KEY_UILaunchScreen_Generation = YES;
				INFOPLIST_KEY_UISupportedInterfaceOrientations_iPad = "UIInterfaceOrientationPortrait UIInterfaceOrientationPortraitUpsideDown UIInterfaceOrientationLandscapeLeft UIInterfaceOrientationLandscapeRight";
				INFOPLIST_KEY_UISupportedInterfaceOrientations_iPhone = "UIInterfaceOrientationPortrait UIInterfaceOrientationLandscapeLeft UIInterfaceOrientationLandscapeRight";
				LD_RUNPATH_SEARCH_PATHS = (
					"$(inherited)",
					"@executable_path/Frameworks",
				);
				MARKETING_VERSION = 1.0;
				PRODUCT_BUNDLE_IDENTIFIER = com.gmail.kortes39dev.UserDefaultsTesting;
				PRODUCT_NAME = "$(TARGET_NAME)";
				SWIFT_EMIT_LOC_STRINGS = YES;
				SWIFT_VERSION = 5.0;
				TARGETED_DEVICE_FAMILY = "1,2";
			};
			name = Release;
		};
/* End XCBuildConfiguration section */

/* Begin XCConfigurationList section */
		2FF0794629F961320026AE24 /* Build configuration list for PBXProject "UserDefaultsTesting" */ = {
			isa = XCConfigurationList;
			buildConfigurations = (
				2FF0795729F961330026AE24 /* Debug */,
				2FF0795829F961330026AE24 /* Release */,
			);
			defaultConfigurationIsVisible = 0;
			defaultConfigurationName = Release;
		};
		2FF0795929F961330026AE24 /* Build configuration list for PBXNativeTarget "UserDefaultsTesting" */ = {
			isa = XCConfigurationList;
			buildConfigurations = (
				2FF0795A29F961330026AE24 /* Debug */,
				2FF0795B29F961330026AE24 /* Release */,
			);
			defaultConfigurationIsVisible = 0;
			defaultConfigurationName = Release;
		};
/* End XCConfigurationList section */
	};
	rootObject = 2FF0794329F961320026AE24 /* Project object */;
}
